PODS:
  - Extension (0.1.2):
    - Extension/Array (= 0.1.2)
  - Extension/Array (0.1.2)

DEPENDENCIES:
  - Extension (from `../`)

EXTERNAL SOURCES:
  Extension:
    :path: "../"

SPEC CHECKSUMS:
  Extension: 6a0cfae6d40dac38a0c605b8d4e9b38c96c9bacf

PODFILE CHECKSUM: 2e36a209a919cab635119864022015584916521b

COCOAPODS: 1.12.1
