PODS:
  - Extension (0.1.2):
    - Extension/Array (= 0.1.2)
    - Extension/Bundle (= 0.1.2)
    - Extension/Color (= 0.1.2)
    - Extension/Device (= 0.1.2)
    - Extension/String (= 0.1.2)
    - Extension/ViewController (= 0.1.2)
  - Extension/Array (0.1.2)
  - Extension/Bundle (0.1.2)
  - Extension/Color (0.1.2)
  - Extension/Device (0.1.2)
  - Extension/String (0.1.2)
  - Extension/ViewController (0.1.2)

DEPENDENCIES:
  - Extension (from `../`)

EXTERNAL SOURCES:
  Extension:
    :path: "../"

SPEC CHECKSUMS:
  Extension: e584f8f2545aef79397c529b45e00ae6b542a1c4

PODFILE CHECKSUM: 2e36a209a919cab635119864022015584916521b

COCOAPODS: 1.12.1
